
Microsoft Visual Studio Solution File, Format Version 12.00
# Visual Studio Version 17
VisualStudioVersion = 17.7.34018.315
MinimumVisualStudioVersion = 10.0.40219.1
Project("{2150E333-8FDC-42A3-9474-1A3956D46DE8}") = "Shared", "Shared", "{5413835E-CDD7-4BFE-8BD2-1AED8424B420}"
EndProject
Project("{9A19103F-16F7-4668-BE54-9A1E7A4F7556}") = "Commons", "Shared\Commons\Commons.csproj", "{A6B8CD45-7EE9-46BA-8123-E31D95DF30E3}"
EndProject
Project("{2150E333-8FDC-42A3-9474-1A3956D46DE8}") = "DataSets", "DataSets", "{6580E29E-03F4-4850-BA06-5BF508C84646}"
EndProject
Project("{2150E333-8FDC-42A3-9474-1A3956D46DE8}") = "Categories", "Categories", "{70F3A779-44DF-48C8-801F-5C11B3AAB8C0}"
EndProject
Project("{2150E333-8FDC-42A3-9474-1A3956D46DE8}") = "Indicators", "Indicators", "{8CA705DA-BF2C-41BF-A70E-F08D487EF268}"
EndProject
Project("{2150E333-8FDC-42A3-9474-1A3956D46DE8}") = "Sectors", "Sectors", "{B351C641-4663-4530-A266-EF8FE81C6899}"
EndProject
Project("{2150E333-8FDC-42A3-9474-1A3956D46DE8}") = "Tables", "Tables", "{ECF8230C-CC7B-4285-A3C8-E29CF475EFC9}"
EndProject
Project("{2150E333-8FDC-42A3-9474-1A3956D46DE8}") = "New Category", "New Category", "{3DD417CA-780D-46CD-8583-0DAACFBDDE6D}"
EndProject
Project("{2150E333-8FDC-42A3-9474-1A3956D46DE8}") = "Request", "Request", "{FEECCE7A-3A80-4B24-BD7B-EBE745110E93}"
EndProject
Project("{2150E333-8FDC-42A3-9474-1A3956D46DE8}") = "New Indicator", "New Indicator", "{18D03265-5D0C-4460-A2C1-42F7B457493A}"
EndProject
Project("{2150E333-8FDC-42A3-9474-1A3956D46DE8}") = "Request", "Request", "{6DF4C599-C160-4618-BD69-985FE634ADEE}"
EndProject
Project("{2150E333-8FDC-42A3-9474-1A3956D46DE8}") = "Bulk Indicator", "Bulk Indicator", "{675A55BA-C556-4914-9C37-41B10C60E65B}"
EndProject
Project("{2150E333-8FDC-42A3-9474-1A3956D46DE8}") = "New Sector", "New Sector", "{B5AA13F6-7D4F-42C5-B863-E1A4EDE38FBC}"
EndProject
Project("{2150E333-8FDC-42A3-9474-1A3956D46DE8}") = "Request", "Request", "{2AA738C1-4956-4278-B187-C3FC90F178E8}"
EndProject
Project("{2150E333-8FDC-42A3-9474-1A3956D46DE8}") = "New Table", "New Table", "{3D91DEEF-0D57-43E6-8503-D41FA9EF64CB}"
EndProject
Project("{2150E333-8FDC-42A3-9474-1A3956D46DE8}") = "Request", "Request", "{B58D6A32-68C9-4DBF-A2B8-5D42430D5D40}"
EndProject
Project("{2150E333-8FDC-42A3-9474-1A3956D46DE8}") = "Bulk Table", "Bulk Table", "{E7E1645B-C90F-409B-B7CE-AB789FEC2432}"
EndProject
Project("{2150E333-8FDC-42A3-9474-1A3956D46DE8}") = "Authentication", "Authentication", "{F615FA97-CD8E-4D35-BEF3-99D770C4757E}"
EndProject
Project("{2150E333-8FDC-42A3-9474-1A3956D46DE8}") = "Login", "Login", "{1ABDB400-CC70-452A-9802-7B24818201B4}"
EndProject
Project("{9A19103F-16F7-4668-BE54-9A1E7A4F7556}") = "LoginAuthentication", "Authentication\Login\LoginAuthentication\LoginAuthentication.csproj", "{9F06092D-C038-4E5B-A7BB-1186D5D3D673}"
EndProject
Project("{9A19103F-16F7-4668-BE54-9A1E7A4F7556}") = "NewSector", "DataSets\Sectors\New Sector\NewSector\NewSector.csproj", "{39E7A5CE-A6B8-42EA-AECE-4F3E52F0638A}"
EndProject
Project("{9A19103F-16F7-4668-BE54-9A1E7A4F7556}") = "NewRequest", "DataSets\Sectors\Request\NewRequest\NewRequest.csproj", "{5525CFEE-F111-431D-9D94-9AAC205A4E1C}"
EndProject
Project("{9A19103F-16F7-4668-BE54-9A1E7A4F7556}") = "NewCategory", "DataSets\Categories\New Category\NewCategory\NewCategory.csproj", "{8FAD0C1F-2EE5-4B02-BB33-8F2982DAEB90}"
EndProject
Project("{9A19103F-16F7-4668-BE54-9A1E7A4F7556}") = "CategoryRequest", "DataSets\Categories\Request\CategoryRequest\CategoryRequest.csproj", "{F315A569-C5FA-4B35-8FE1-CDD53BDD0212}"
EndProject
Project("{9A19103F-16F7-4668-BE54-9A1E7A4F7556}") = "NewIndicator", "DataSets\Indicators\New Indicator\NewIndicator\NewIndicator.csproj", "{5677453A-3839-490B-A1F6-0B7E974F7877}"
EndProject
Project("{9A19103F-16F7-4668-BE54-9A1E7A4F7556}") = "IndicatorRequest", "DataSets\Indicators\Request\IndicatorRequest\IndicatorRequest.csproj", "{4D87AEF9-78A2-4E2D-87AC-21E0B81B73F6}"
EndProject
Project("{9A19103F-16F7-4668-BE54-9A1E7A4F7556}") = "Bulkindicator", "DataSets\Indicators\Bulk Indicator\Bulkindicator\Bulkindicator.csproj", "{B17910A5-3AB6-4C73-9108-2FD1FB58FE59}"
EndProject
Project("{9A19103F-16F7-4668-BE54-9A1E7A4F7556}") = "NewTable", "DataSets\Tables\New Table\NewTable\NewTable.csproj", "{BD0DF23C-27B4-4739-A654-1E3576A20F0D}"
EndProject
Project("{9A19103F-16F7-4668-BE54-9A1E7A4F7556}") = "TableRequest", "DataSets\Tables\Request\TableRequest\TableRequest.csproj", "{1EF9438A-0F4D-439D-AFB7-1D0E0AAAADFE}"
EndProject
Project("{9A19103F-16F7-4668-BE54-9A1E7A4F7556}") = "BulkTable", "DataSets\Tables\Bulk Table\BulkTable\BulkTable.csproj", "{70A59294-D7F9-4D86-9006-F5AC931E618F}"
EndProject
Project("{2150E333-8FDC-42A3-9474-1A3956D46DE8}") = "Dictionary", "Dictionary", "{3BABD2D8-0480-4DA9-BAF1-8CBEA04E282B}"
EndProject
Project("{2150E333-8FDC-42A3-9474-1A3956D46DE8}") = "Data Managements", "Data Managements", "{D4DAD5BC-53B7-4639-9D13-8C0BC3EAFE42}"
EndProject
Project("{2150E333-8FDC-42A3-9474-1A3956D46DE8}") = "Quick Data Upload", "Quick Data Upload", "{92A25FF3-37BA-4E79-8133-1751E2CD3BA0}"
EndProject
Project("{2150E333-8FDC-42A3-9474-1A3956D46DE8}") = "Bulk Data Upload", "Bulk Data Upload", "{211626A7-F579-4AB3-91A7-E55337D5FA61}"
EndProject
Project("{2150E333-8FDC-42A3-9474-1A3956D46DE8}") = "Data Management", "Data Management", "{63946E72-9CF5-4BB6-9224-8D39E2F93AC2}"
EndProject
Project("{2150E333-8FDC-42A3-9474-1A3956D46DE8}") = "Data Entities", "Data Entities", "{6EEFAC10-6432-4B3C-B215-84817D83C805}"
EndProject
Project("{2150E333-8FDC-42A3-9474-1A3956D46DE8}") = "Data Sources", "Data Sources", "{61DDD697-A2C9-4471-AB7F-9D2A46EE5A1D}"
EndProject
Project("{2150E333-8FDC-42A3-9474-1A3956D46DE8}") = "Frequencies", "Frequencies", "{ADB2CDE9-3105-49CE-93AB-1EC28EDE8E15}"
EndProject
Project("{2150E333-8FDC-42A3-9474-1A3956D46DE8}") = "Units", "Units", "{848855FA-0672-4BEF-9901-4620CEF7D1E6}"
EndProject
Project("{2150E333-8FDC-42A3-9474-1A3956D46DE8}") = "NewEntity", "NewEntity", "{70A22134-421E-4E3E-B19A-9921BA78C299}"
EndProject
Project("{2150E333-8FDC-42A3-9474-1A3956D46DE8}") = "RequestEntity", "RequestEntity", "{1C0AFCF5-8AB1-4804-8960-C82AC6DBAF0A}"
EndProject
Project("{9A19103F-16F7-4668-BE54-9A1E7A4F7556}") = "NewEntity", "Dictionary\Data Entities\NewEntity\NewEntity\NewEntity.csproj", "{4AF4A724-F080-4D35-BA82-8E5E5AE27FDB}"
EndProject
Project("{9A19103F-16F7-4668-BE54-9A1E7A4F7556}") = "EntityRequest", "Dictionary\Data Entities\RequestEntity\EntityRequest\EntityRequest.csproj", "{6EC92EA0-6B39-4755-A7E3-B17F1D842C4A}"
EndProject
Project("{2150E333-8FDC-42A3-9474-1A3956D46DE8}") = "New DataSource", "New DataSource", "{C9172D02-0A7F-4927-8EBF-66DC8424E173}"
EndProject
Project("{2150E333-8FDC-42A3-9474-1A3956D46DE8}") = "DataSourceRequest", "DataSourceRequest", "{875D14B0-4ADE-4D75-9C49-C4475E37754C}"
EndProject
Project("{9A19103F-16F7-4668-BE54-9A1E7A4F7556}") = "NewdataSources", "Dictionary\Data Sources\NewDataSource\NewdataSources\NewdataSources.csproj", "{A40DE1C1-D5C5-423C-865D-BFE89A09D6C8}"
EndProject
Project("{9A19103F-16F7-4668-BE54-9A1E7A4F7556}") = "DataSourceRequest", "Dictionary\Data Sources\RequestDataSource\DataSourceRequest\DataSourceRequest.csproj", "{B993E855-9A66-41ED-8DEA-6B4294FFD8E2}"
EndProject
Project("{2150E333-8FDC-42A3-9474-1A3956D46DE8}") = "NewFrequency", "NewFrequency", "{53FDA7DE-296A-4A12-B34E-D9A7BD32B65F}"
EndProject
Project("{2150E333-8FDC-42A3-9474-1A3956D46DE8}") = "FrequencyRequest", "FrequencyRequest", "{3333877D-F052-418E-AEF2-E05F0D265C69}"
EndProject
Project("{2150E333-8FDC-42A3-9474-1A3956D46DE8}") = "New Unit", "New Unit", "{DB933C90-EF1F-46AA-9B80-2BD14BC774EA}"
EndProject
Project("{2150E333-8FDC-42A3-9474-1A3956D46DE8}") = "UnitRequest", "UnitRequest", "{DE0B4BBD-3A39-4C84-851A-26D101A15935}"
EndProject
Project("{9A19103F-16F7-4668-BE54-9A1E7A4F7556}") = "NewFrequency", "Dictionary\Frequencies\NewFrequency\NewFrequency\NewFrequency.csproj", "{9C6DCC19-2EE2-4DE7-82A1-83CF53C0C2F8}"
EndProject
Project("{9A19103F-16F7-4668-BE54-9A1E7A4F7556}") = "FrequencyRequest", "Dictionary\Frequencies\RequestFrequency\FrequencyRequet\FrequencyRequest.csproj", "{3301E1BE-A295-4BD6-B667-9804B368AFAA}"
EndProject
Project("{9A19103F-16F7-4668-BE54-9A1E7A4F7556}") = "NewUnit", "Dictionary\Units\NewUnit\NewUnit\NewUnit.csproj", "{AB9E6EC9-7696-4FDA-90DC-22F6EC6FD7BB}"
EndProject
Project("{9A19103F-16F7-4668-BE54-9A1E7A4F7556}") = "UnitRequest", "Dictionary\Units\RequestUnit\UnitRequest\UnitRequest.csproj", "{2E47BA2A-7E7A-422A-9EFC-7F315359566E}"
EndProject
Project("{2150E333-8FDC-42A3-9474-1A3956D46DE8}") = "ContentManagement", "ContentManagement", "{25D39468-8E73-4F4E-859B-BCBA0AC945AA}"
EndProject
Project("{2150E333-8FDC-42A3-9474-1A3956D46DE8}") = "Analytic Contents", "Analytic Contents", "{0948F471-4F23-4B86-A9EC-E7304B599E4F}"
EndProject
Project("{2150E333-8FDC-42A3-9474-1A3956D46DE8}") = "Featured Contents", "Featured Contents", "{2AF98891-14B4-431F-B098-B5A7C3D62752}"
EndProject
Project("{2150E333-8FDC-42A3-9474-1A3956D46DE8}") = "Flash Cards", "Flash Cards", "{48CB6014-0978-4181-B382-0A2DE3A8DDA2}"
EndProject
Project("{2150E333-8FDC-42A3-9474-1A3956D46DE8}") = "Quick Flashes", "Quick Flashes", "{A5A4C72B-F8AA-4850-8094-0AEF98D9DCD0}"
EndProject
Project("{9A19103F-16F7-4668-BE54-9A1E7A4F7556}") = "AnalyticsCMS", "ContentManagement\Analytic Contents\AnalyticsCMS\AnalyticsCMS.csproj", "{0E2D5C09-8274-4037-943F-B4AC13FD18A4}"
EndProject
Project("{9A19103F-16F7-4668-BE54-9A1E7A4F7556}") = "FeaturedContent", "ContentManagement\Featured Contents\FeaturedContent\FeaturedContent.csproj", "{EF4E0209-4EF7-4FBD-BB77-0B0AFCECADCF}"
EndProject
Project("{9A19103F-16F7-4668-BE54-9A1E7A4F7556}") = "FlashCard", "ContentManagement\Flash Cards\FlashCard\FlashCard.csproj", "{96E562C0-8915-4F73-BE57-F558B7FA19BB}"
EndProject
Project("{9A19103F-16F7-4668-BE54-9A1E7A4F7556}") = "QuickFlash", "ContentManagement\Quick Flashes\QuickFlash\QuickFlash.csproj", "{16160491-ED57-45A4-86CD-2246CF93642B}"
EndProject
Global
	GlobalSection(SolutionConfigurationPlatforms) = preSolution
		Debug|Any CPU = Debug|Any CPU
		Release|Any CPU = Release|Any CPU
	EndGlobalSection
	GlobalSection(ProjectConfigurationPlatforms) = postSolution
		{A6B8CD45-7EE9-46BA-8123-E31D95DF30E3}.Debug|Any CPU.ActiveCfg = Debug|Any CPU
		{A6B8CD45-7EE9-46BA-8123-E31D95DF30E3}.Debug|Any CPU.Build.0 = Debug|Any CPU
		{A6B8CD45-7EE9-46BA-8123-E31D95DF30E3}.Release|Any CPU.ActiveCfg = Release|Any CPU
		{A6B8CD45-7EE9-46BA-8123-E31D95DF30E3}.Release|Any CPU.Build.0 = Release|Any CPU
		{9F06092D-C038-4E5B-A7BB-1186D5D3D673}.Debug|Any CPU.ActiveCfg = Debug|Any CPU
		{9F06092D-C038-4E5B-A7BB-1186D5D3D673}.Debug|Any CPU.Build.0 = Debug|Any CPU
		{9F06092D-C038-4E5B-A7BB-1186D5D3D673}.Release|Any CPU.ActiveCfg = Release|Any CPU
		{9F06092D-C038-4E5B-A7BB-1186D5D3D673}.Release|Any CPU.Build.0 = Release|Any CPU
		{39E7A5CE-A6B8-42EA-AECE-4F3E52F0638A}.Debug|Any CPU.ActiveCfg = Debug|Any CPU
		{39E7A5CE-A6B8-42EA-AECE-4F3E52F0638A}.Debug|Any CPU.Build.0 = Debug|Any CPU
		{39E7A5CE-A6B8-42EA-AECE-4F3E52F0638A}.Release|Any CPU.ActiveCfg = Release|Any CPU
		{39E7A5CE-A6B8-42EA-AECE-4F3E52F0638A}.Release|Any CPU.Build.0 = Release|Any CPU
		{5525CFEE-F111-431D-9D94-9AAC205A4E1C}.Debug|Any CPU.ActiveCfg = Debug|Any CPU
		{5525CFEE-F111-431D-9D94-9AAC205A4E1C}.Debug|Any CPU.Build.0 = Debug|Any CPU
		{5525CFEE-F111-431D-9D94-9AAC205A4E1C}.Release|Any CPU.ActiveCfg = Release|Any CPU
		{5525CFEE-F111-431D-9D94-9AAC205A4E1C}.Release|Any CPU.Build.0 = Release|Any CPU
		{8FAD0C1F-2EE5-4B02-BB33-8F2982DAEB90}.Debug|Any CPU.ActiveCfg = Debug|Any CPU
		{8FAD0C1F-2EE5-4B02-BB33-8F2982DAEB90}.Debug|Any CPU.Build.0 = Debug|Any CPU
		{8FAD0C1F-2EE5-4B02-BB33-8F2982DAEB90}.Release|Any CPU.ActiveCfg = Release|Any CPU
		{8FAD0C1F-2EE5-4B02-BB33-8F2982DAEB90}.Release|Any CPU.Build.0 = Release|Any CPU
		{F315A569-C5FA-4B35-8FE1-CDD53BDD0212}.Debug|Any CPU.ActiveCfg = Debug|Any CPU
		{F315A569-C5FA-4B35-8FE1-CDD53BDD0212}.Debug|Any CPU.Build.0 = Debug|Any CPU
		{F315A569-C5FA-4B35-8FE1-CDD53BDD0212}.Release|Any CPU.ActiveCfg = Release|Any CPU
		{F315A569-C5FA-4B35-8FE1-CDD53BDD0212}.Release|Any CPU.Build.0 = Release|Any CPU
		{5677453A-3839-490B-A1F6-0B7E974F7877}.Debug|Any CPU.ActiveCfg = Debug|Any CPU
		{5677453A-3839-490B-A1F6-0B7E974F7877}.Debug|Any CPU.Build.0 = Debug|Any CPU
		{5677453A-3839-490B-A1F6-0B7E974F7877}.Release|Any CPU.ActiveCfg = Release|Any CPU
		{5677453A-3839-490B-A1F6-0B7E974F7877}.Release|Any CPU.Build.0 = Release|Any CPU
		{4D87AEF9-78A2-4E2D-87AC-21E0B81B73F6}.Debug|Any CPU.ActiveCfg = Debug|Any CPU
		{4D87AEF9-78A2-4E2D-87AC-21E0B81B73F6}.Debug|Any CPU.Build.0 = Debug|Any CPU
		{4D87AEF9-78A2-4E2D-87AC-21E0B81B73F6}.Release|Any CPU.ActiveCfg = Release|Any CPU
		{4D87AEF9-78A2-4E2D-87AC-21E0B81B73F6}.Release|Any CPU.Build.0 = Release|Any CPU
		{B17910A5-3AB6-4C73-9108-2FD1FB58FE59}.Debug|Any CPU.ActiveCfg = Debug|Any CPU
		{B17910A5-3AB6-4C73-9108-2FD1FB58FE59}.Debug|Any CPU.Build.0 = Debug|Any CPU
		{B17910A5-3AB6-4C73-9108-2FD1FB58FE59}.Release|Any CPU.ActiveCfg = Release|Any CPU
		{B17910A5-3AB6-4C73-9108-2FD1FB58FE59}.Release|Any CPU.Build.0 = Release|Any CPU
		{BD0DF23C-27B4-4739-A654-1E3576A20F0D}.Debug|Any CPU.ActiveCfg = Debug|Any CPU
		{BD0DF23C-27B4-4739-A654-1E3576A20F0D}.Debug|Any CPU.Build.0 = Debug|Any CPU
		{BD0DF23C-27B4-4739-A654-1E3576A20F0D}.Release|Any CPU.ActiveCfg = Release|Any CPU
		{BD0DF23C-27B4-4739-A654-1E3576A20F0D}.Release|Any CPU.Build.0 = Release|Any CPU
		{1EF9438A-0F4D-439D-AFB7-1D0E0AAAADFE}.Debug|Any CPU.ActiveCfg = Debug|Any CPU
		{1EF9438A-0F4D-439D-AFB7-1D0E0AAAADFE}.Debug|Any CPU.Build.0 = Debug|Any CPU
		{1EF9438A-0F4D-439D-AFB7-1D0E0AAAADFE}.Release|Any CPU.ActiveCfg = Release|Any CPU
		{1EF9438A-0F4D-439D-AFB7-1D0E0AAAADFE}.Release|Any CPU.Build.0 = Release|Any CPU
		{70A59294-D7F9-4D86-9006-F5AC931E618F}.Debug|Any CPU.ActiveCfg = Debug|Any CPU
		{70A59294-D7F9-4D86-9006-F5AC931E618F}.Debug|Any CPU.Build.0 = Debug|Any CPU
		{70A59294-D7F9-4D86-9006-F5AC931E618F}.Release|Any CPU.ActiveCfg = Release|Any CPU
		{70A59294-D7F9-4D86-9006-F5AC931E618F}.Release|Any CPU.Build.0 = Release|Any CPU
		{4AF4A724-F080-4D35-BA82-8E5E5AE27FDB}.Debug|Any CPU.ActiveCfg = Debug|Any CPU
		{4AF4A724-F080-4D35-BA82-8E5E5AE27FDB}.Debug|Any CPU.Build.0 = Debug|Any CPU
		{4AF4A724-F080-4D35-BA82-8E5E5AE27FDB}.Release|Any CPU.ActiveCfg = Release|Any CPU
		{4AF4A724-F080-4D35-BA82-8E5E5AE27FDB}.Release|Any CPU.Build.0 = Release|Any CPU
		{6EC92EA0-6B39-4755-A7E3-B17F1D842C4A}.Debug|Any CPU.ActiveCfg = Debug|Any CPU
		{6EC92EA0-6B39-4755-A7E3-B17F1D842C4A}.Debug|Any CPU.Build.0 = Debug|Any CPU
		{6EC92EA0-6B39-4755-A7E3-B17F1D842C4A}.Release|Any CPU.ActiveCfg = Release|Any CPU
		{6EC92EA0-6B39-4755-A7E3-B17F1D842C4A}.Release|Any CPU.Build.0 = Release|Any CPU
		{A40DE1C1-D5C5-423C-865D-BFE89A09D6C8}.Debug|Any CPU.ActiveCfg = Debug|Any CPU
		{A40DE1C1-D5C5-423C-865D-BFE89A09D6C8}.Debug|Any CPU.Build.0 = Debug|Any CPU
		{A40DE1C1-D5C5-423C-865D-BFE89A09D6C8}.Release|Any CPU.ActiveCfg = Release|Any CPU
		{A40DE1C1-D5C5-423C-865D-BFE89A09D6C8}.Release|Any CPU.Build.0 = Release|Any CPU
		{B993E855-9A66-41ED-8DEA-6B4294FFD8E2}.Debug|Any CPU.ActiveCfg = Debug|Any CPU
		{B993E855-9A66-41ED-8DEA-6B4294FFD8E2}.Debug|Any CPU.Build.0 = Debug|Any CPU
		{B993E855-9A66-41ED-8DEA-6B4294FFD8E2}.Release|Any CPU.ActiveCfg = Release|Any CPU
		{B993E855-9A66-41ED-8DEA-6B4294FFD8E2}.Release|Any CPU.Build.0 = Release|Any CPU
		{9C6DCC19-2EE2-4DE7-82A1-83CF53C0C2F8}.Debug|Any CPU.ActiveCfg = Debug|Any CPU
		{9C6DCC19-2EE2-4DE7-82A1-83CF53C0C2F8}.Debug|Any CPU.Build.0 = Debug|Any CPU
		{9C6DCC19-2EE2-4DE7-82A1-83CF53C0C2F8}.Release|Any CPU.ActiveCfg = Release|Any CPU
		{9C6DCC19-2EE2-4DE7-82A1-83CF53C0C2F8}.Release|Any CPU.Build.0 = Release|Any CPU
		{3301E1BE-A295-4BD6-B667-9804B368AFAA}.Debug|Any CPU.ActiveCfg = Debug|Any CPU
		{3301E1BE-A295-4BD6-B667-9804B368AFAA}.Debug|Any CPU.Build.0 = Debug|Any CPU
		{3301E1BE-A295-4BD6-B667-9804B368AFAA}.Release|Any CPU.ActiveCfg = Release|Any CPU
		{3301E1BE-A295-4BD6-B667-9804B368AFAA}.Release|Any CPU.Build.0 = Release|Any CPU
		{AB9E6EC9-7696-4FDA-90DC-22F6EC6FD7BB}.Debug|Any CPU.ActiveCfg = Debug|Any CPU
		{AB9E6EC9-7696-4FDA-90DC-22F6EC6FD7BB}.Debug|Any CPU.Build.0 = Debug|Any CPU
		{AB9E6EC9-7696-4FDA-90DC-22F6EC6FD7BB}.Release|Any CPU.ActiveCfg = Release|Any CPU
		{AB9E6EC9-7696-4FDA-90DC-22F6EC6FD7BB}.Release|Any CPU.Build.0 = Release|Any CPU
		{2E47BA2A-7E7A-422A-9EFC-7F315359566E}.Debug|Any CPU.ActiveCfg = Debug|Any CPU
		{2E47BA2A-7E7A-422A-9EFC-7F315359566E}.Debug|Any CPU.Build.0 = Debug|Any CPU
		{2E47BA2A-7E7A-422A-9EFC-7F315359566E}.Release|Any CPU.ActiveCfg = Release|Any CPU
		{2E47BA2A-7E7A-422A-9EFC-7F315359566E}.Release|Any CPU.Build.0 = Release|Any CPU
		{0E2D5C09-8274-4037-943F-B4AC13FD18A4}.Debug|Any CPU.ActiveCfg = Debug|Any CPU
		{0E2D5C09-8274-4037-943F-B4AC13FD18A4}.Debug|Any CPU.Build.0 = Debug|Any CPU
		{0E2D5C09-8274-4037-943F-B4AC13FD18A4}.Release|Any CPU.ActiveCfg = Release|Any CPU
		{0E2D5C09-8274-4037-943F-B4AC13FD18A4}.Release|Any CPU.Build.0 = Release|Any CPU
		{EF4E0209-4EF7-4FBD-BB77-0B0AFCECADCF}.Debug|Any CPU.ActiveCfg = Debug|Any CPU
		{EF4E0209-4EF7-4FBD-BB77-0B0AFCECADCF}.Debug|Any CPU.Build.0 = Debug|Any CPU
		{EF4E0209-4EF7-4FBD-BB77-0B0AFCECADCF}.Release|Any CPU.ActiveCfg = Release|Any CPU
		{EF4E0209-4EF7-4FBD-BB77-0B0AFCECADCF}.Release|Any CPU.Build.0 = Release|Any CPU
		{96E562C0-8915-4F73-BE57-F558B7FA19BB}.Debug|Any CPU.ActiveCfg = Debug|Any CPU
		{96E562C0-8915-4F73-BE57-F558B7FA19BB}.Debug|Any CPU.Build.0 = Debug|Any CPU
		{96E562C0-8915-4F73-BE57-F558B7FA19BB}.Release|Any CPU.ActiveCfg = Release|Any CPU
		{96E562C0-8915-4F73-BE57-F558B7FA19BB}.Release|Any CPU.Build.0 = Release|Any CPU
		{16160491-ED57-45A4-86CD-2246CF93642B}.Debug|Any CPU.ActiveCfg = Debug|Any CPU
		{16160491-ED57-45A4-86CD-2246CF93642B}.Debug|Any CPU.Build.0 = Debug|Any CPU
		{16160491-ED57-45A4-86CD-2246CF93642B}.Release|Any CPU.ActiveCfg = Release|Any CPU
		{16160491-ED57-45A4-86CD-2246CF93642B}.Release|Any CPU.Build.0 = Release|Any CPU
	EndGlobalSection
	GlobalSection(SolutionProperties) = preSolution
		HideSolutionNode = FALSE
	EndGlobalSection
	GlobalSection(NestedProjects) = preSolution
		{A6B8CD45-7EE9-46BA-8123-E31D95DF30E3} = {5413835E-CDD7-4BFE-8BD2-1AED8424B420}
		{70F3A779-44DF-48C8-801F-5C11B3AAB8C0} = {6580E29E-03F4-4850-BA06-5BF508C84646}
		{8CA705DA-BF2C-41BF-A70E-F08D487EF268} = {6580E29E-03F4-4850-BA06-5BF508C84646}
		{B351C641-4663-4530-A266-EF8FE81C6899} = {6580E29E-03F4-4850-BA06-5BF508C84646}
		{ECF8230C-CC7B-4285-A3C8-E29CF475EFC9} = {6580E29E-03F4-4850-BA06-5BF508C84646}
		{3DD417CA-780D-46CD-8583-0DAACFBDDE6D} = {70F3A779-44DF-48C8-801F-5C11B3AAB8C0}
		{FEECCE7A-3A80-4B24-BD7B-EBE745110E93} = {70F3A779-44DF-48C8-801F-5C11B3AAB8C0}
		{18D03265-5D0C-4460-A2C1-42F7B457493A} = {8CA705DA-BF2C-41BF-A70E-F08D487EF268}
		{6DF4C599-C160-4618-BD69-985FE634ADEE} = {8CA705DA-BF2C-41BF-A70E-F08D487EF268}
		{675A55BA-C556-4914-9C37-41B10C60E65B} = {8CA705DA-BF2C-41BF-A70E-F08D487EF268}
		{B5AA13F6-7D4F-42C5-B863-E1A4EDE38FBC} = {B351C641-4663-4530-A266-EF8FE81C6899}
		{2AA738C1-4956-4278-B187-C3FC90F178E8} = {B351C641-4663-4530-A266-EF8FE81C6899}
		{3D91DEEF-0D57-43E6-8503-D41FA9EF64CB} = {ECF8230C-CC7B-4285-A3C8-E29CF475EFC9}
		{B58D6A32-68C9-4DBF-A2B8-5D42430D5D40} = {ECF8230C-CC7B-4285-A3C8-E29CF475EFC9}
		{E7E1645B-C90F-409B-B7CE-AB789FEC2432} = {ECF8230C-CC7B-4285-A3C8-E29CF475EFC9}
		{1ABDB400-CC70-452A-9802-7B24818201B4} = {F615FA97-CD8E-4D35-BEF3-99D770C4757E}
		{9F06092D-C038-4E5B-A7BB-1186D5D3D673} = {1ABDB400-CC70-452A-9802-7B24818201B4}
		{39E7A5CE-A6B8-42EA-AECE-4F3E52F0638A} = {B5AA13F6-7D4F-42C5-B863-E1A4EDE38FBC}
		{5525CFEE-F111-431D-9D94-9AAC205A4E1C} = {2AA738C1-4956-4278-B187-C3FC90F178E8}
		{8FAD0C1F-2EE5-4B02-BB33-8F2982DAEB90} = {3DD417CA-780D-46CD-8583-0DAACFBDDE6D}
		{F315A569-C5FA-4B35-8FE1-CDD53BDD0212} = {FEECCE7A-3A80-4B24-BD7B-EBE745110E93}
		{5677453A-3839-490B-A1F6-0B7E974F7877} = {18D03265-5D0C-4460-A2C1-42F7B457493A}
		{4D87AEF9-78A2-4E2D-87AC-21E0B81B73F6} = {6DF4C599-C160-4618-BD69-985FE634ADEE}
		{B17910A5-3AB6-4C73-9108-2FD1FB58FE59} = {675A55BA-C556-4914-9C37-41B10C60E65B}
		{BD0DF23C-27B4-4739-A654-1E3576A20F0D} = {3D91DEEF-0D57-43E6-8503-D41FA9EF64CB}
		{1EF9438A-0F4D-439D-AFB7-1D0E0AAAADFE} = {B58D6A32-68C9-4DBF-A2B8-5D42430D5D40}
		{70A59294-D7F9-4D86-9006-F5AC931E618F} = {E7E1645B-C90F-409B-B7CE-AB789FEC2432}
		{92A25FF3-37BA-4E79-8133-1751E2CD3BA0} = {D4DAD5BC-53B7-4639-9D13-8C0BC3EAFE42}
		{211626A7-F579-4AB3-91A7-E55337D5FA61} = {D4DAD5BC-53B7-4639-9D13-8C0BC3EAFE42}
		{63946E72-9CF5-4BB6-9224-8D39E2F93AC2} = {D4DAD5BC-53B7-4639-9D13-8C0BC3EAFE42}
		{6EEFAC10-6432-4B3C-B215-84817D83C805} = {3BABD2D8-0480-4DA9-BAF1-8CBEA04E282B}
		{61DDD697-A2C9-4471-AB7F-9D2A46EE5A1D} = {3BABD2D8-0480-4DA9-BAF1-8CBEA04E282B}
		{ADB2CDE9-3105-49CE-93AB-1EC28EDE8E15} = {3BABD2D8-0480-4DA9-BAF1-8CBEA04E282B}
		{848855FA-0672-4BEF-9901-4620CEF7D1E6} = {3BABD2D8-0480-4DA9-BAF1-8CBEA04E282B}
		{70A22134-421E-4E3E-B19A-9921BA78C299} = {6EEFAC10-6432-4B3C-B215-84817D83C805}
		{1C0AFCF5-8AB1-4804-8960-C82AC6DBAF0A} = {6EEFAC10-6432-4B3C-B215-84817D83C805}
		{4AF4A724-F080-4D35-BA82-8E5E5AE27FDB} = {70A22134-421E-4E3E-B19A-9921BA78C299}
		{6EC92EA0-6B39-4755-A7E3-B17F1D842C4A} = {1C0AFCF5-8AB1-4804-8960-C82AC6DBAF0A}
		{C9172D02-0A7F-4927-8EBF-66DC8424E173} = {61DDD697-A2C9-4471-AB7F-9D2A46EE5A1D}
		{875D14B0-4ADE-4D75-9C49-C4475E37754C} = {61DDD697-A2C9-4471-AB7F-9D2A46EE5A1D}
		{A40DE1C1-D5C5-423C-865D-BFE89A09D6C8} = {C9172D02-0A7F-4927-8EBF-66DC8424E173}
		{B993E855-9A66-41ED-8DEA-6B4294FFD8E2} = {875D14B0-4ADE-4D75-9C49-C4475E37754C}
		{53FDA7DE-296A-4A12-B34E-D9A7BD32B65F} = {ADB2CDE9-3105-49CE-93AB-1EC28EDE8E15}
		{3333877D-F052-418E-AEF2-E05F0D265C69} = {ADB2CDE9-3105-49CE-93AB-1EC28EDE8E15}
		{DB933C90-EF1F-46AA-9B80-2BD14BC774EA} = {848855FA-0672-4BEF-9901-4620CEF7D1E6}
		{DE0B4BBD-3A39-4C84-851A-26D101A15935} = {848855FA-0672-4BEF-9901-4620CEF7D1E6}
		{9C6DCC19-2EE2-4DE7-82A1-83CF53C0C2F8} = {53FDA7DE-296A-4A12-B34E-D9A7BD32B65F}
		{3301E1BE-A295-4BD6-B667-9804B368AFAA} = {3333877D-F052-418E-AEF2-E05F0D265C69}
		{AB9E6EC9-7696-4FDA-90DC-22F6EC6FD7BB} = {DB933C90-EF1F-46AA-9B80-2BD14BC774EA}
		{2E47BA2A-7E7A-422A-9EFC-7F315359566E} = {DE0B4BBD-3A39-4C84-851A-26D101A15935}
		{0948F471-4F23-4B86-A9EC-E7304B599E4F} = {25D39468-8E73-4F4E-859B-BCBA0AC945AA}
		{2AF98891-14B4-431F-B098-B5A7C3D62752} = {25D39468-8E73-4F4E-859B-BCBA0AC945AA}
		{48CB6014-0978-4181-B382-0A2DE3A8DDA2} = {25D39468-8E73-4F4E-859B-BCBA0AC945AA}
		{A5A4C72B-F8AA-4850-8094-0AEF98D9DCD0} = {25D39468-8E73-4F4E-859B-BCBA0AC945AA}
		{0E2D5C09-8274-4037-943F-B4AC13FD18A4} = {0948F471-4F23-4B86-A9EC-E7304B599E4F}
		{EF4E0209-4EF7-4FBD-BB77-0B0AFCECADCF} = {2AF98891-14B4-431F-B098-B5A7C3D62752}
		{96E562C0-8915-4F73-BE57-F558B7FA19BB} = {48CB6014-0978-4181-B382-0A2DE3A8DDA2}
		{16160491-ED57-45A4-86CD-2246CF93642B} = {A5A4C72B-F8AA-4850-8094-0AEF98D9DCD0}
	EndGlobalSection
	GlobalSection(ExtensibilityGlobals) = postSolution
		SolutionGuid = {2F2DCC2E-BDCA-4A44-8429-60B12021DBAE}
	EndGlobalSection
EndGlobal
